Microsoft Visual Studio Solution File, Format Version 11.00
# Visual Studio 2008

Project("{4B60F3B2-39CC-7408-1307-A81CCE294F76}") = "UFOagain", "Assembly-CSharp-firstpass.csproj", "{1B54E739-FC78-E71E-9DFD-F2B6502263BC}"
EndProject
Project("{4B60F3B2-39CC-7408-1307-A81CCE294F76}") = "UFOagain", "Assembly-CSharp.csproj", "{8E40E9B5-249A-48E0-BF64-F84AB3C11A48}"
EndProject
Project("{4B60F3B2-39CC-7408-1307-A81CCE294F76}") = "UFOagain", "Assembly-CSharp-Editor.csproj", "{A8709F24-B5EE-97F9-B65A-33902B034756}"
EndProject
Global
	GlobalSection(SolutionConfigurationPlatforms) = preSolution
		Debug|Any CPU = Debug|Any CPU
		Release|Any CPU = Release|Any CPU
	EndGlobalSection
	GlobalSection(ProjectConfigurationPlatforms) = postSolution
		{1B54E739-FC78-E71E-9DFD-F2B6502263BC}.Debug|Any CPU.ActiveCfg = Debug|Any CPU
		{1B54E739-FC78-E71E-9DFD-F2B6502263BC}.Debug|Any CPU.Build.0 = Debug|Any CPU
		{1B54E739-FC78-E71E-9DFD-F2B6502263BC}.Release|Any CPU.ActiveCfg = Release|Any CPU
		{1B54E739-FC78-E71E-9DFD-F2B6502263BC}.Release|Any CPU.Build.0 = Release|Any CPU
		{8E40E9B5-249A-48E0-BF64-F84AB3C11A48}.Debug|Any CPU.ActiveCfg = Debug|Any CPU
		{8E40E9B5-249A-48E0-BF64-F84AB3C11A48}.Debug|Any CPU.Build.0 = Debug|Any CPU
		{8E40E9B5-249A-48E0-BF64-F84AB3C11A48}.Release|Any CPU.ActiveCfg = Release|Any CPU
		{8E40E9B5-249A-48E0-BF64-F84AB3C11A48}.Release|Any CPU.Build.0 = Release|Any CPU
		{A8709F24-B5EE-97F9-B65A-33902B034756}.Debug|Any CPU.ActiveCfg = Debug|Any CPU
		{A8709F24-B5EE-97F9-B65A-33902B034756}.Debug|Any CPU.Build.0 = Debug|Any CPU
		{A8709F24-B5EE-97F9-B65A-33902B034756}.Release|Any CPU.ActiveCfg = Release|Any CPU
		{A8709F24-B5EE-97F9-B65A-33902B034756}.Release|Any CPU.Build.0 = Release|Any CPU
	EndGlobalSection
	GlobalSection(SolutionProperties) = preSolution
		HideSolutionNode = FALSE
	EndGlobalSection
	GlobalSection(MonoDevelopProperties) = preSolution
		StartupItem = Assembly-CSharp.csproj
	EndGlobalSection
EndGlobal
